
Microsoft Visual Studio Solution File, Format Version 12.00
# Visual Studio Version 17
VisualStudioVersion = 17.8.34322.80
MinimumVisualStudioVersion = 10.0.40219.1
Project("{FAE04EC0-301F-11D3-BF4B-00C04F79EFBC}") = "LC_Masked_Fix", "LC_MIMICFIX\LC_Masked_Fix.csproj", "{52A8C306-F1DF-46D3-A634-8DB137E227D7}"
EndProject
Global
	GlobalSection(SolutionConfigurationPlatforms) = preSolution
		Debug|Any CPU = Debug|Any CPU
		Release|Any CPU = Release|Any CPU
	EndGlobalSection
	GlobalSection(ProjectConfigurationPlatforms) = postSolution
		{52A8C306-F1DF-46D3-A634-8DB137E227D7}.Debug|Any CPU.ActiveCfg = Debug|Any CPU
		{52A8C306-F1DF-46D3-A634-8DB137E227D7}.Debug|Any CPU.Build.0 = Debug|Any CPU
		{52A8C306-F1DF-46D3-A634-8DB137E227D7}.Release|Any CPU.ActiveCfg = Release|Any CPU
		{52A8C306-F1DF-46D3-A634-8DB137E227D7}.Release|Any CPU.Build.0 = Release|Any CPU
	EndGlobalSection
	GlobalSection(SolutionProperties) = preSolution
		HideSolutionNode = FALSE
	EndGlobalSection
	GlobalSection(ExtensibilityGlobals) = postSolution
		SolutionGuid = {4C0F9E44-B39F-4C7A-AE89-857E6BEAD0EB}
	EndGlobalSection
EndGlobal
